// !$*UTF8*$!
{
	archiveVersion = 1;
	classes = {
	};
	objectVersion = 50;
	objects = {

/* Begin PBXBuildFile section */
		56B87908213A15AF00FC6F8C /* AppDelegate.swift in Sources */ = {isa = PBXBuildFile; fileRef = 56B87907213A15AF00FC6F8C /* AppDelegate.swift */; };
		56B8790A213A15AF00FC6F8C /* ViewController.swift in Sources */ = {isa = PBXBuildFile; fileRef = 56B87909213A15AF00FC6F8C /* ViewController.swift */; };
		56B8790D213A15AF00FC6F8C /* Main.storyboard in Resources */ = {isa = PBXBuildFile; fileRef = 56B8790B213A15AF00FC6F8C /* Main.storyboard */; };
		56B8790F213A15B000FC6F8C /* Assets.xcassets in Resources */ = {isa = PBXBuildFile; fileRef = 56B8790E213A15B000FC6F8C /* Assets.xcassets */; };
		56B87912213A15B000FC6F8C /* LaunchScreen.storyboard in Resources */ = {isa = PBXBuildFile; fileRef = 56B87910213A15B000FC6F8C /* LaunchScreen.storyboard */; };
		56B8791D213A15B000FC6F8C /* MyProjectTests.swift in Sources */ = {isa = PBXBuildFile; fileRef = 56B8791C213A15B000FC6F8C /* MyProjectTests.swift */; };
		56B87928213A15B000FC6F8C /* MyProjectUITests.swift in Sources */ = {isa = PBXBuildFile; fileRef = 56B87927213A15B000FC6F8C /* MyProjectUITests.swift */; };
/* End PBXBuildFile section */

/* Begin PBXContainerItemProxy section */
		56B87919213A15B000FC6F8C /* PBXContainerItemProxy */ = {
			isa = PBXContainerItemProxy;
			containerPortal = 56B878FC213A15AF00FC6F8C /* Project object */;
			proxyType = 1;
			remoteGlobalIDString = 56B87903213A15AF00FC6F8C;
			remoteInfo = MyProject;
		};
		56B87924213A15B000FC6F8C /* PBXContainerItemProxy */ = {
			isa = PBXContainerItemProxy;
			containerPortal = 56B878FC213A15AF00FC6F8C /* Project object */;
			proxyType = 1;
			remoteGlobalIDString = 56B87903213A15AF00FC6F8C;
			remoteInfo = MyProject;
		};
/* End PBXContainerItemProxy section */

/* Begin PBXFileReference section */
		56B87904213A15AF00FC6F8C /* MyProject.app */ = {isa = PBXFileReference; explicitFileType = wrapper.application; includeInIndex = 0; path = MyProject.app; sourceTree = BUILT_PRODUCTS_DIR; };
		56B87907213A15AF00FC6F8C /* AppDelegate.swift */ = {isa = PBXFileReference; lastKnownFileType = sourcecode.swift; path = AppDelegate.swift; sourceTree = "<group>"; };
		56B87909213A15AF00FC6F8C /* ViewController.swift */ = {isa = PBXFileReference; lastKnownFileType = sourcecode.swift; path = ViewController.swift; sourceTree = "<group>"; };
		56B8790C213A15AF00FC6F8C /* Base */ = {isa = PBXFileReference; lastKnownFileType = file.storyboard; name = Base; path = Base.lproj/Main.storyboard; sourceTree = "<group>"; };
		56B8790E213A15B000FC6F8C /* Assets.xcassets */ = {isa = PBXFileReference; lastKnownFileType = folder.assetcatalog; path = Assets.xcassets; sourceTree = "<group>"; };
		56B87911213A15B000FC6F8C /* Base */ = {isa = PBXFileReference; lastKnownFileType = file.storyboard; name = Base; path = Base.lproj/LaunchScreen.storyboard; sourceTree = "<group>"; };
		56B87913213A15B000FC6F8C /* Info.plist */ = {isa = PBXFileReference; lastKnownFileType = text.plist.xml; path = Info.plist; sourceTree = "<group>"; };
		56B87918213A15B000FC6F8C /* MyProjectTests.xctest */ = {isa = PBXFileReference; explicitFileType = wrapper.cfbundle; includeInIndex = 0; path = MyProjectTests.xctest; sourceTree = BUILT_PRODUCTS_DIR; };
		56B8791C213A15B000FC6F8C /* MyProjectTests.swift */ = {isa = PBXFileReference; lastKnownFileType = sourcecode.swift; path = MyProjectTests.swift; sourceTree = "<group>"; };
		56B8791E213A15B000FC6F8C /* Info.plist */ = {isa = PBXFileReference; lastKnownFileType = text.plist.xml; path = Info.plist; sourceTree = "<group>"; };
		56B87923213A15B000FC6F8C /* MyProjectUITests.xctest */ = {isa = PBXFileReference; explicitFileType = wrapper.cfbundle; includeInIndex = 0; path = MyProjectUITests.xctest; sourceTree = BUILT_PRODUCTS_DIR; };
		56B87927213A15B000FC6F8C /* MyProjectUITests.swift */ = {isa = PBXFileReference; lastKnownFileType = sourcecode.swift; path = MyProjectUITests.swift; sourceTree = "<group>"; };
		56B87929213A15B000FC6F8C /* Info.plist */ = {isa = PBXFileReference; lastKnownFileType = text.plist.xml; path = Info.plist; sourceTree = "<group>"; };
/* End PBXFileReference section */

/* Begin PBXFrameworksBuildPhase section */
		56B87901213A15AF00FC6F8C /* Frameworks */ = {
			isa = PBXFrameworksBuildPhase;
			buildActionMask = 2147483647;
			files = (
			);
			runOnlyForDeploymentPostprocessing = 0;
		};
		56B87915213A15B000FC6F8C /* Frameworks */ = {
			isa = PBXFrameworksBuildPhase;
			buildActionMask = 2147483647;
			files = (
			);
			runOnlyForDeploymentPostprocessing = 0;
		};
		56B87920213A15B000FC6F8C /* Frameworks */ = {
			isa = PBXFrameworksBuildPhase;
			buildActionMask = 2147483647;
			files = (
			);
			runOnlyForDeploymentPostprocessing = 0;
		};
/* End PBXFrameworksBuildPhase section */

/* Begin PBXGroup section */
		56B878FB213A15AF00FC6F8C = {
			isa = PBXGroup;
			children = (
				56B87906213A15AF00FC6F8C /* MyProject */,
				56B8791B213A15B000FC6F8C /* MyProjectTests */,
				56B87926213A15B000FC6F8C /* MyProjectUITests */,
				56B87905213A15AF00FC6F8C /* Products */,
			);
			sourceTree = "<group>";
		};
		56B87905213A15AF00FC6F8C /* Products */ = {
			isa = PBXGroup;
			children = (
				56B87904213A15AF00FC6F8C /* MyProject.app */,
				56B87918213A15B000FC6F8C /* MyProjectTests.xctest */,
				56B87923213A15B000FC6F8C /* MyProjectUITests.xctest */,
			);
			name = Products;
			sourceTree = "<group>";
		};
		56B87906213A15AF00FC6F8C /* MyProject */ = {
			isa = PBXGroup;
			children = (
				56B87907213A15AF00FC6F8C /* AppDelegate.swift */,
				56B87909213A15AF00FC6F8C /* ViewController.swift */,
				56B8790B213A15AF00FC6F8C /* Main.storyboard */,
				56B8790E213A15B000FC6F8C /* Assets.xcassets */,
				56B87910213A15B000FC6F8C /* LaunchScreen.storyboard */,
				56B87913213A15B000FC6F8C /* Info.plist */,
			);
			path = MyProject;
			sourceTree = "<group>";
		};
		56B8791B213A15B000FC6F8C /* MyProjectTests */ = {
			isa = PBXGroup;
			children = (
				56B8791C213A15B000FC6F8C /* MyProjectTests.swift */,
				56B8791E213A15B000FC6F8C /* Info.plist */,
			);
			path = MyProjectTests;
			sourceTree = "<group>";
		};
		56B87926213A15B000FC6F8C /* MyProjectUITests */ = {
			isa = PBXGroup;
			children = (
				56B87927213A15B000FC6F8C /* MyProjectUITests.swift */,
				56B87929213A15B000FC6F8C /* Info.plist */,
			);
			path = MyProjectUITests;
			sourceTree = "<group>";
		};
/* End PBXGroup section */

/* Begin PBXNativeTarget section */
		56B87903213A15AF00FC6F8C /* MyProject */ = {
			isa = PBXNativeTarget;
			buildConfigurationList = 56B8792C213A15B000FC6F8C /* Build configuration list for PBXNativeTarget "MyProject" */;
			buildPhases = (
				56B87900213A15AF00FC6F8C /* Sources */,
				56B87901213A15AF00FC6F8C /* Frameworks */,
				56B87902213A15AF00FC6F8C /* Resources */,
			);
			buildRules = (
			);
			dependencies = (
			);
			name = MyProject;
			productName = MyProject;
			productReference = 56B87904213A15AF00FC6F8C /* MyProject.app */;
			productType = "com.apple.product-type.application";
		};
		56B87917213A15B000FC6F8C /* MyProjectTests */ = {
			isa = PBXNativeTarget;
			buildConfigurationList = 56B8792F213A15B000FC6F8C /* Build configuration list for PBXNativeTarget "MyProjectTests" */;
			buildPhases = (
				56B87914213A15B000FC6F8C /* Sources */,
				56B87915213A15B000FC6F8C /* Frameworks */,
				56B87916213A15B000FC6F8C /* Resources */,
			);
			buildRules = (
			);
			dependencies = (
				56B8791A213A15B000FC6F8C /* PBXTargetDependency */,
			);
			name = MyProjectTests;
			productName = MyProjectTests;
			productReference = 56B87918213A15B000FC6F8C /* MyProjectTests.xctest */;
			productType = "com.apple.product-type.bundle.unit-test";
		};
		56B87922213A15B000FC6F8C /* MyProjectUITests */ = {
			isa = PBXNativeTarget;
			buildConfigurationList = 56B87932213A15B000FC6F8C /* Build configuration list for PBXNativeTarget "MyProjectUITests" */;
			buildPhases = (
				56B8791F213A15B000FC6F8C /* Sources */,
				56B87920213A15B000FC6F8C /* Frameworks */,
				56B87921213A15B000FC6F8C /* Resources */,
			);
			buildRules = (
			);
			dependencies = (
				56B87925213A15B000FC6F8C /* PBXTargetDependency */,
			);
			name = MyProjectUITests;
			productName = MyProjectUITests;
			productReference = 56B87923213A15B000FC6F8C /* MyProjectUITests.xctest */;
			productType = "com.apple.product-type.bundle.ui-testing";
		};
/* End PBXNativeTarget section */

/* Begin PBXProject section */
		56B878FC213A15AF00FC6F8C /* Project object */ = {
			isa = PBXProject;
			attributes = {
				LastSwiftUpdateCheck = 0940;
				LastUpgradeCheck = 0940;
				ORGANIZATIONNAME = "Pradyumna Karpuram";
				TargetAttributes = {
					56B87903213A15AF00FC6F8C = {
						CreatedOnToolsVersion = 9.4.1;
					};
					56B87917213A15B000FC6F8C = {
						CreatedOnToolsVersion = 9.4.1;
						TestTargetID = 56B87903213A15AF00FC6F8C;
					};
					56B87922213A15B000FC6F8C = {
						CreatedOnToolsVersion = 9.4.1;
						TestTargetID = 56B87903213A15AF00FC6F8C;
					};
				};
			};
			buildConfigurationList = 56B878FF213A15AF00FC6F8C /* Build configuration list for PBXProject "MyProject" */;
			compatibilityVersion = "Xcode 9.3";
			developmentRegion = en;
			hasScannedForEncodings = 0;
			knownRegions = (
				en,
				Base,
			);
			mainGroup = 56B878FB213A15AF00FC6F8C;
			productRefGroup = 56B87905213A15AF00FC6F8C /* Products */;
			projectDirPath = "";
			projectRoot = "";
			targets = (
				56B87903213A15AF00FC6F8C /* MyProject */,
				56B87917213A15B000FC6F8C /* MyProjectTests */,
				56B87922213A15B000FC6F8C /* MyProjectUITests */,
			);
		};
/* End PBXProject section */

/* Begin PBXResourcesBuildPhase section */
		56B87902213A15AF00FC6F8C /* Resources */ = {
			isa = PBXResourcesBuildPhase;
			buildActionMask = 2147483647;
			files = (
				56B87912213A15B000FC6F8C /* LaunchScreen.storyboard in Resources */,
				56B8790F213A15B000FC6F8C /* Assets.xcassets in Resources */,
				56B8790D213A15AF00FC6F8C /* Main.storyboard in Resources */,
			);
			runOnlyForDeploymentPostprocessing = 0;
		};
		56B87916213A15B000FC6F8C /* Resources */ = {
			isa = PBXResourcesBuildPhase;
			buildActionMask = 2147483647;
			files = (
			);
			runOnlyForDeploymentPostprocessing = 0;
		};
		56B87921213A15B000FC6F8C /* Resources */ = {
			isa = PBXResourcesBuildPhase;
			buildActionMask = 2147483647;
			files = (
			);
			runOnlyForDeploymentPostprocessing = 0;
		};
/* End PBXResourcesBuildPhase section */

/* Begin PBXSourcesBuildPhase section */
		56B87900213A15AF00FC6F8C /* Sources */ = {
			isa = PBXSourcesBuildPhase;
			buildActionMask = 2147483647;
			files = (
				56B8790A213A15AF00FC6F8C /* ViewController.swift in Sources */,
				56B87908213A15AF00FC6F8C /* AppDelegate.swift in Sources */,
			);
			runOnlyForDeploymentPostprocessing = 0;
		};
		56B87914213A15B000FC6F8C /* Sources */ = {
			isa = PBXSourcesBuildPhase;
			buildActionMask = 2147483647;
			files = (
				56B8791D213A15B000FC6F8C /* MyProjectTests.swift in Sources */,
			);
			runOnlyForDeploymentPostprocessing = 0;
		};
		56B8791F213A15B000FC6F8C /* Sources */ = {
			isa = PBXSourcesBuildPhase;
			buildActionMask = 2147483647;
			files = (
				56B87928213A15B000FC6F8C /* MyProjectUITests.swift in Sources */,
			);
			runOnlyForDeploymentPostprocessing = 0;
		};
/* End PBXSourcesBuildPhase section */

/* Begin PBXTargetDependency section */
		56B8791A213A15B000FC6F8C /* PBXTargetDependency */ = {
			isa = PBXTargetDependency;
			target = 56B87903213A15AF00FC6F8C /* MyProject */;
			targetProxy = 56B87919213A15B000FC6F8C /* PBXContainerItemProxy */;
		};
		56B87925213A15B000FC6F8C /* PBXTargetDependency */ = {
			isa = PBXTargetDependency;
			target = 56B87903213A15AF00FC6F8C /* MyProject */;
			targetProxy = 56B87924213A15B000FC6F8C /* PBXContainerItemProxy */;
		};
/* End PBXTargetDependency section */

/* Begin PBXVariantGroup section */
		56B8790B213A15AF00FC6F8C /* Main.storyboard */ = {
			isa = PBXVariantGroup;
			children = (
				56B8790C213A15AF00FC6F8C /* Base */,
			);
			name = Main.storyboard;
			sourceTree = "<group>";
		};
		56B87910213A15B000FC6F8C /* LaunchScreen.storyboard */ = {
			isa = PBXVariantGroup;
			children = (
				56B87911213A15B000FC6F8C /* Base */,
			);
			name = LaunchScreen.storyboard;
			sourceTree = "<group>";
		};
/* End PBXVariantGroup section */

/* Begin XCBuildConfiguration section */
		56B8792A213A15B000FC6F8C /* Debug */ = {
			isa = XCBuildConfiguration;
			buildSettings = {
				ALWAYS_SEARCH_USER_PATHS = NO;
				CLANG_ANALYZER_NONNULL = YES;
				CLANG_ANALYZER_NUMBER_OBJECT_CONVERSION = YES_AGGRESSIVE;
				CLANG_CXX_LANGUAGE_STANDARD = "gnu++14";
				CLANG_CXX_LIBRARY = "libc++";
				CLANG_ENABLE_MODULES = YES;
				CLANG_ENABLE_OBJC_ARC = YES;
				CLANG_ENABLE_OBJC_WEAK = YES;
				CLANG_WARN_BLOCK_CAPTURE_AUTORELEASING = YES;
				CLANG_WARN_BOOL_CONVERSION = YES;
				CLANG_WARN_COMMA = YES;
				CLANG_WARN_CONSTANT_CONVERSION = YES;
				CLANG_WARN_DEPRECATED_OBJC_IMPLEMENTATIONS = YES;
				CLANG_WARN_DIRECT_OBJC_ISA_USAGE = YES_ERROR;
				CLANG_WARN_DOCUMENTATION_COMMENTS = YES;
				CLANG_WARN_EMPTY_BODY = YES;
				CLANG_WARN_ENUM_CONVERSION = YES;
				CLANG_WARN_INFINITE_RECURSION = YES;
				CLANG_WARN_INT_CONVERSION = YES;
				CLANG_WARN_NON_LITERAL_NULL_CONVERSION = YES;
				CLANG_WARN_OBJC_IMPLICIT_RETAIN_SELF = YES;
				CLANG_WARN_OBJC_LITERAL_CONVERSION = YES;
				CLANG_WARN_OBJC_ROOT_CLASS = YES_ERROR;
				CLANG_WARN_RANGE_LOOP_ANALYSIS = YES;
				CLANG_WARN_STRICT_PROTOTYPES = YES;
				CLANG_WARN_SUSPICIOUS_MOVE = YES;
				CLANG_WARN_UNGUARDED_AVAILABILITY = YES_AGGRESSIVE;
				CLANG_WARN_UNREACHABLE_CODE = YES;
				CLANG_WARN__DUPLICATE_METHOD_MATCH = YES;
				CODE_SIGN_IDENTITY = "iPhone Developer";
				COPY_PHASE_STRIP = NO;
				DEBUG_INFORMATION_FORMAT = dwarf;
				ENABLE_STRICT_OBJC_MSGSEND = YES;
				ENABLE_TESTABILITY = YES;
				GCC_C_LANGUAGE_STANDARD = gnu11;
				GCC_DYNAMIC_NO_PIC = NO;
				GCC_NO_COMMON_BLOCKS = YES;
				GCC_OPTIMIZATION_LEVEL = 0;
				GCC_PREPROCESSOR_DEFINITIONS = (
					"DEBUG=1",
					"$(inherited)",
				);
				GCC_WARN_64_TO_32_BIT_CONVERSION = YES;
				GCC_WARN_ABOUT_RETURN_TYPE = YES_ERROR;
				GCC_WARN_UNDECLARED_SELECTOR = YES;
				GCC_WARN_UNINITIALIZED_AUTOS = YES_AGGRESSIVE;
				GCC_WARN_UNUSED_FUNCTION = YES;
				GCC_WARN_UNUSED_VARIABLE = YES;
				IPHONEOS_DEPLOYMENT_TARGET = 11.4;
				MTL_ENABLE_DEBUG_INFO = YES;
				ONLY_ACTIVE_ARCH = YES;
				SDKROOT = iphoneos;
				SWIFT_ACTIVE_COMPILATION_CONDITIONS = DEBUG;
				SWIFT_OPTIMIZATION_LEVEL = "-Onone";
			};
			name = Debug;
		};
		56B8792B213A15B000FC6F8C /* Release */ = {
			isa = XCBuildConfiguration;
			buildSettings = {
				ALWAYS_SEARCH_USER_PATHS = NO;
				CLANG_ANALYZER_NONNULL = YES;
				CLANG_ANALYZER_NUMBER_OBJECT_CONVERSION = YES_AGGRESSIVE;
				CLANG_CXX_LANGUAGE_STANDARD = "gnu++14";
				CLANG_CXX_LIBRARY = "libc++";
				CLANG_ENABLE_MODULES = YES;
				CLANG_ENABLE_OBJC_ARC = YES;
				CLANG_ENABLE_OBJC_WEAK = YES;
				CLANG_WARN_BLOCK_CAPTURE_AUTORELEASING = YES;
				CLANG_WARN_BOOL_CONVERSION = YES;
				CLANG_WARN_COMMA = YES;
				CLANG_WARN_CONSTANT_CONVERSION = YES;
				CLANG_WARN_DEPRECATED_OBJC_IMPLEMENTATIONS = YES;
				CLANG_WARN_DIRECT_OBJC_ISA_USAGE = YES_ERROR;
				CLANG_WARN_DOCUMENTATION_COMMENTS = YES;
				CLANG_WARN_EMPTY_BODY = YES;
				CLANG_WARN_ENUM_CONVERSION = YES;
				CLANG_WARN_INFINITE_RECURSION = YES;
				CLANG_WARN_INT_CONVERSION = YES;
				CLANG_WARN_NON_LITERAL_NULL_CONVERSION = YES;
				CLANG_WARN_OBJC_IMPLICIT_RETAIN_SELF = YES;
				CLANG_WARN_OBJC_LITERAL_CONVERSION = YES;
				CLANG_WARN_OBJC_ROOT_CLASS = YES_ERROR;
				CLANG_WARN_RANGE_LOOP_ANALYSIS = YES;
				CLANG_WARN_STRICT_PROTOTYPES = YES;
				CLANG_WARN_SUSPICIOUS_MOVE = YES;
				CLANG_WARN_UNGUARDED_AVAILABILITY = YES_AGGRESSIVE;
				CLANG_WARN_UNREACHABLE_CODE = YES;
				CLANG_WARN__DUPLICATE_METHOD_MATCH = YES;
				CODE_SIGN_IDENTITY = "iPhone Developer";
				COPY_PHASE_STRIP = NO;
				DEBUG_INFORMATION_FORMAT = "dwarf-with-dsym";
				ENABLE_NS_ASSERTIONS = NO;
				ENABLE_STRICT_OBJC_MSGSEND = YES;
				GCC_C_LANGUAGE_STANDARD = gnu11;
				GCC_NO_COMMON_BLOCKS = YES;
				GCC_WARN_64_TO_32_BIT_CONVERSION = YES;
				GCC_WARN_ABOUT_RETURN_TYPE = YES_ERROR;
				GCC_WARN_UNDECLARED_SELECTOR = YES;
				GCC_WARN_UNINITIALIZED_AUTOS = YES_AGGRESSIVE;
				GCC_WARN_UNUSED_FUNCTION = YES;
				GCC_WARN_UNUSED_VARIABLE = YES;
				IPHONEOS_DEPLOYMENT_TARGET = 11.4;
				MTL_ENABLE_DEBUG_INFO = NO;
				SDKROOT = iphoneos;
				SWIFT_COMPILATION_MODE = wholemodule;
				SWIFT_OPTIMIZATION_LEVEL = "-O";
				VALIDATE_PRODUCT = YES;
			};
			name = Release;
		};
		56B8792D213A15B000FC6F8C /* Debug */ = {
			isa = XCBuildConfiguration;
			buildSettings = {
				ASSETCATALOG_COMPILER_APPICON_NAME = AppIcon;
				CODE_SIGN_STYLE = Automatic;
				DEVELOPMENT_TEAM = C528296QNY;
				INFOPLIST_FILE = MyProject/Info.plist;
				LD_RUNPATH_SEARCH_PATHS = (
					"$(inherited)",
					"@executable_path/Frameworks",
				);
				PRODUCT_BUNDLE_IDENTIFIER = com.codepath.MyProject;
				PRODUCT_NAME = "$(TARGET_NAME)";
				SWIFT_VERSION = 4.0;
				TARGETED_DEVICE_FAMILY = "1,2";
			};
			name = Debug;
		};
		56B8792E213A15B000FC6F8C /* Release */ = {
			isa = XCBuildConfiguration;
			buildSettings = {
				ASSETCATALOG_COMPILER_APPICON_NAME = AppIcon;
				CODE_SIGN_STYLE = Automatic;
				DEVELOPMENT_TEAM = C528296QNY;
				INFOPLIST_FILE = MyProject/Info.plist;
				LD_RUNPATH_SEARCH_PATHS = (
					"$(inherited)",
					"@executable_path/Frameworks",
				);
				PRODUCT_BUNDLE_IDENTIFIER = com.codepath.MyProject;
				PRODUCT_NAME = "$(TARGET_NAME)";
				SWIFT_VERSION = 4.0;
				TARGETED_DEVICE_FAMILY = "1,2";
			};
			name = Release;
		};
		56B87930213A15B000FC6F8C /* Debug */ = {
			isa = XCBuildConfiguration;
			buildSettings = {
				ALWAYS_EMBED_SWIFT_STANDARD_LIBRARIES = YES;
				BUNDLE_LOADER = "$(TEST_HOST)";
				CODE_SIGN_STYLE = Automatic;
				DEVELOPMENT_TEAM = C528296QNY;
				INFOPLIST_FILE = MyProjectTests/Info.plist;
				LD_RUNPATH_SEARCH_PATHS = (
					"$(inherited)",
					"@executable_path/Frameworks",
					"@loader_path/Frameworks",
				);
				PRODUCT_BUNDLE_IDENTIFIER = com.codepath.MyProjectTests;
				PRODUCT_NAME = "$(TARGET_NAME)";
				SWIFT_VERSION = 4.0;
				TARGETED_DEVICE_FAMILY = "1,2";
				TEST_HOST = "$(BUILT_PRODUCTS_DIR)/MyProject.app/MyProject";
			};
			name = Debug;
		};
		56B87931213A15B000FC6F8C /* Release */ = {
			isa = XCBuildConfiguration;
			buildSettings = {
				ALWAYS_EMBED_SWIFT_STANDARD_LIBRARIES = YES;
				BUNDLE_LOADER = "$(TEST_HOST)";
				CODE_SIGN_STYLE = Automatic;
				DEVELOPMENT_TEAM = C528296QNY;
				INFOPLIST_FILE = MyProjectTests/Info.plist;
				LD_RUNPATH_SEARCH_PATHS = (
					"$(inherited)",
					"@executable_path/Frameworks",
					"@loader_path/Frameworks",
				);
				PRODUCT_BUNDLE_IDENTIFIER = com.codepath.MyProjectTests;
				PRODUCT_NAME = "$(TARGET_NAME)";
				SWIFT_VERSION = 4.0;
				TARGETED_DEVICE_FAMILY = "1,2";
				TEST_HOST = "$(BUILT_PRODUCTS_DIR)/MyProject.app/MyProject";
			};
			name = Release;
		};
		56B87933213A15B000FC6F8C /* Debug */ = {
			isa = XCBuildConfiguration;
			buildSettings = {
				ALWAYS_EMBED_SWIFT_STANDARD_LIBRARIES = YES;
				CODE_SIGN_STYLE = Automatic;
				DEVELOPMENT_TEAM = C528296QNY;
				INFOPLIST_FILE = MyProjectUITests/Info.plist;
				LD_RUNPATH_SEARCH_PATHS = (
					"$(inherited)",
					"@executable_path/Frameworks",
					"@loader_path/Frameworks",
				);
				PRODUCT_BUNDLE_IDENTIFIER = com.codepath.MyProjectUITests;
				PRODUCT_NAME = "$(TARGET_NAME)";
				SWIFT_VERSION = 4.0;
				TARGETED_DEVICE_FAMILY = "1,2";
				TEST_TARGET_NAME = MyProject;
			};
			name = Debug;
		};
		56B87934213A15B000FC6F8C /* Release */ = {
			isa = XCBuildConfiguration;
			buildSettings = {
				ALWAYS_EMBED_SWIFT_STANDARD_LIBRARIES = YES;
				CODE_SIGN_STYLE = Automatic;
				DEVELOPMENT_TEAM = C528296QNY;
				INFOPLIST_FILE = MyProjectUITests/Info.plist;
				LD_RUNPATH_SEARCH_PATHS = (
					"$(inherited)",
					"@executable_path/Frameworks",
					"@loader_path/Frameworks",
				);
				PRODUCT_BUNDLE_IDENTIFIER = com.codepath.MyProjectUITests;
				PRODUCT_NAME = "$(TARGET_NAME)";
				SWIFT_VERSION = 4.0;
				TARGETED_DEVICE_FAMILY = "1,2";
				TEST_TARGET_NAME = MyProject;
			};
			name = Release;
		};
/* End XCBuildConfiguration section */

/* Begin XCConfigurationList section */
		56B878FF213A15AF00FC6F8C /* Build configuration list for PBXProject "MyProject" */ = {
			isa = XCConfigurationList;
			buildConfigurations = (
				56B8792A213A15B000FC6F8C /* Debug */,
				56B8792B213A15B000FC6F8C /* Release */,
			);
			defaultConfigurationIsVisible = 0;
			defaultConfigurationName = Release;
		};
		56B8792C213A15B000FC6F8C /* Build configuration list for PBXNativeTarget "MyProject" */ = {
			isa = XCConfigurationList;
			buildConfigurations = (
				56B8792D213A15B000FC6F8C /* Debug */,
				56B8792E213A15B000FC6F8C /* Release */,
			);
			defaultConfigurationIsVisible = 0;
			defaultConfigurationName = Release;
		};
		56B8792F213A15B000FC6F8C /* Build configuration list for PBXNativeTarget "MyProjectTests" */ = {
			isa = XCConfigurationList;
			buildConfigurations = (
				56B87930213A15B000FC6F8C /* Debug */,
				56B87931213A15B000FC6F8C /* Release */,
			);
			defaultConfigurationIsVisible = 0;
			defaultConfigurationName = Release;
		};
		56B87932213A15B000FC6F8C /* Build configuration list for PBXNativeTarget "MyProjectUITests" */ = {
			isa = XCConfigurationList;
			buildConfigurations = (
				56B87933213A15B000FC6F8C /* Debug */,
				56B87934213A15B000FC6F8C /* Release */,
			);
			defaultConfigurationIsVisible = 0;
			defaultConfigurationName = Release;
		};
/* End XCConfigurationList section */
	};
	rootObject = 56B878FC213A15AF00FC6F8C /* Project object */;
}
